
Microsoft Visual Studio Solution File, Format Version 12.00
# Visual Studio 14
VisualStudioVersion = 14.0.25420.1
MinimumVisualStudioVersion = 10.0.40219.1
Project("{8BC9CEB8-8B4A-11D0-8D11-00A0C91BC942}") = "SistemaPerfiles", "SistemaPerfiles\SistemaPerfiles.vcxproj", "{E0E892C2-2E46-4DCC-8274-711B67FA9AB5}"
EndProject
Project("{F184B08F-C81C-45F6-A57F-5ABD9991F28F}") = "EditorPerfiles", "EditorPerfiles\EditorPerfiles.vbproj", "{7FCBD584-5B7D-4531-8081-A15FBF9AC319}"
EndProject
Project("{FAE04EC0-301F-11D3-BF4B-00C04F79EFBC}") = "PhysicXNA", "PhysicXNA\PhysicXNA.csproj", "{AB5D2CC0-519A-43FA-B7B6-C9C752A44716}"
EndProject
Project("{FAE04EC0-301F-11D3-BF4B-00C04F79EFBC}") = "PhysicXNA_MonoGame", "PhysicXNA\PhysicXNA_MonoGame.csproj", "{C9318ABC-A760-4A76-993E-A4DDD4FC75B1}"
EndProject
Project("{FAE04EC0-301F-11D3-BF4B-00C04F79EFBC}") = "PhysicXNAContent", "PhysicXNA\Content\PhysicXNAContent.contentproj", "{A63AD6EC-CA41-4D5F-8506-E411EA491C52}"
EndProject
Global
	GlobalSection(SolutionConfigurationPlatforms) = preSolution
		Debug|x86 = Debug|x86
		Release|x86 = Release|x86
	EndGlobalSection
	GlobalSection(ProjectConfigurationPlatforms) = postSolution
		{E0E892C2-2E46-4DCC-8274-711B67FA9AB5}.Debug|x86.ActiveCfg = Debug|Win32
		{E0E892C2-2E46-4DCC-8274-711B67FA9AB5}.Debug|x86.Build.0 = Debug|Win32
		{E0E892C2-2E46-4DCC-8274-711B67FA9AB5}.Release|x86.ActiveCfg = Release|Win32
		{E0E892C2-2E46-4DCC-8274-711B67FA9AB5}.Release|x86.Build.0 = Release|Win32
		{7FCBD584-5B7D-4531-8081-A15FBF9AC319}.Debug|x86.ActiveCfg = Debug|x86
		{7FCBD584-5B7D-4531-8081-A15FBF9AC319}.Debug|x86.Build.0 = Debug|x86
		{7FCBD584-5B7D-4531-8081-A15FBF9AC319}.Release|x86.ActiveCfg = Release|x86
		{7FCBD584-5B7D-4531-8081-A15FBF9AC319}.Release|x86.Build.0 = Release|x86
		{AB5D2CC0-519A-43FA-B7B6-C9C752A44716}.Debug|x86.ActiveCfg = Debug|x86
		{AB5D2CC0-519A-43FA-B7B6-C9C752A44716}.Debug|x86.Build.0 = Debug|x86
		{AB5D2CC0-519A-43FA-B7B6-C9C752A44716}.Release|x86.ActiveCfg = Release|x86
		{AB5D2CC0-519A-43FA-B7B6-C9C752A44716}.Release|x86.Build.0 = Release|x86
		{C9318ABC-A760-4A76-993E-A4DDD4FC75B1}.Debug|x86.ActiveCfg = Debug|x86
		{C9318ABC-A760-4A76-993E-A4DDD4FC75B1}.Debug|x86.Build.0 = Debug|x86
		{C9318ABC-A760-4A76-993E-A4DDD4FC75B1}.Release|x86.ActiveCfg = Release|x86
		{C9318ABC-A760-4A76-993E-A4DDD4FC75B1}.Release|x86.Build.0 = Release|x86
		{A63AD6EC-CA41-4D5F-8506-E411EA491C52}.Debug|x86.ActiveCfg = Debug|x86
		{A63AD6EC-CA41-4D5F-8506-E411EA491C52}.Release|x86.ActiveCfg = Release|x86
	EndGlobalSection
	GlobalSection(SolutionProperties) = preSolution
		HideSolutionNode = FALSE
	EndGlobalSection
EndGlobal
